
Microsoft Visual Studio Solution File, Format Version 12.00
# Visual Studio Version 16
VisualStudioVersion = 16.0.29503.13
MinimumVisualStudioVersion = 10.0.40219.1
Project("{9A19103F-16F7-4668-BE54-9A1E7A4F7556}") = "Oppsyn", "Oppsyn\Oppsyn.csproj", "{F0172DED-0D8C-4C2C-B7FE-1DC855656F67}"
EndProject
Project("{FAE04EC0-301F-11D3-BF4B-00C04F79EFBC}") = "Oppsyn.Tests", "Oppsyn.Tests\Oppsyn.Tests.csproj", "{A6659EF3-8EDF-4667-9486-82C76CBB35C7}"
EndProject
Global
	GlobalSection(SolutionConfigurationPlatforms) = preSolution
		Debug|Any CPU = Debug|Any CPU
		Release|Any CPU = Release|Any CPU
	EndGlobalSection
	GlobalSection(ProjectConfigurationPlatforms) = postSolution
		{F0172DED-0D8C-4C2C-B7FE-1DC855656F67}.Debug|Any CPU.ActiveCfg = Debug|Any CPU
		{F0172DED-0D8C-4C2C-B7FE-1DC855656F67}.Debug|Any CPU.Build.0 = Debug|Any CPU
		{F0172DED-0D8C-4C2C-B7FE-1DC855656F67}.Release|Any CPU.ActiveCfg = Release|Any CPU
		{F0172DED-0D8C-4C2C-B7FE-1DC855656F67}.Release|Any CPU.Build.0 = Release|Any CPU
		{A6659EF3-8EDF-4667-9486-82C76CBB35C7}.Debug|Any CPU.ActiveCfg = Debug|Any CPU
		{A6659EF3-8EDF-4667-9486-82C76CBB35C7}.Debug|Any CPU.Build.0 = Debug|Any CPU
		{A6659EF3-8EDF-4667-9486-82C76CBB35C7}.Release|Any CPU.ActiveCfg = Release|Any CPU
		{A6659EF3-8EDF-4667-9486-82C76CBB35C7}.Release|Any CPU.Build.0 = Release|Any CPU
	EndGlobalSection
	GlobalSection(SolutionProperties) = preSolution
		HideSolutionNode = FALSE
	EndGlobalSection
	GlobalSection(ExtensibilityGlobals) = postSolution
		SolutionGuid = {F034C83E-03C4-4C26-ADB7-77E8DAD8C129}
	EndGlobalSection
EndGlobal
